
Microsoft Visual Studio Solution File, Format Version 12.00
# Visual Studio 14
VisualStudioVersion = 14.0.25420.1
MinimumVisualStudioVersion = 10.0.40219.1
Project("{FAE04EC0-301F-11D3-BF4B-00C04F79EFBC}") = "Invoice_iOS", "App4\Invoice_iOS.csproj", "{25BB4BA3-D01C-4DB3-BE6E-E1D0B9FFBE4A}"
EndProject
Project("{FAE04EC0-301F-11D3-BF4B-00C04F79EFBC}") = "WebApi", "WebApiTry1\WebApi.csproj", "{4D6B3F9E-D976-4C97-9D9F-97A889FAD4A2}"
EndProject
Project("{FAE04EC0-301F-11D3-BF4B-00C04F79EFBC}") = "SharpMobileCode.ModalPicker", "SharpMobileCode.ModalPicker\SharpMobileCode.ModalPicker.csproj", "{D8D8ED2E-2C43-416B-8196-46A0AD9788FD}"
EndProject
Project("{FAE04EC0-301F-11D3-BF4B-00C04F79EFBC}") = "Invoice_Model", "Invoice_Model\Invoice_Model.csproj", "{E801EBD8-2536-4C43-99EE-FB0160BC7ABD}"
EndProject
Global
	GlobalSection(SolutionConfigurationPlatforms) = preSolution
		Ad-Hoc|Any CPU = Ad-Hoc|Any CPU
		Ad-Hoc|iPhone = Ad-Hoc|iPhone
		Ad-Hoc|iPhoneSimulator = Ad-Hoc|iPhoneSimulator
		AppStore|Any CPU = AppStore|Any CPU
		AppStore|iPhone = AppStore|iPhone
		AppStore|iPhoneSimulator = AppStore|iPhoneSimulator
		Debug|Any CPU = Debug|Any CPU
		Debug|iPhone = Debug|iPhone
		Debug|iPhoneSimulator = Debug|iPhoneSimulator
		Release|Any CPU = Release|Any CPU
		Release|iPhone = Release|iPhone
		Release|iPhoneSimulator = Release|iPhoneSimulator
	EndGlobalSection
	GlobalSection(ProjectConfigurationPlatforms) = postSolution
		{25BB4BA3-D01C-4DB3-BE6E-E1D0B9FFBE4A}.Ad-Hoc|Any CPU.ActiveCfg = Ad-Hoc|iPhoneSimulator
		{25BB4BA3-D01C-4DB3-BE6E-E1D0B9FFBE4A}.Ad-Hoc|iPhone.ActiveCfg = Ad-Hoc|iPhone
		{25BB4BA3-D01C-4DB3-BE6E-E1D0B9FFBE4A}.Ad-Hoc|iPhone.Build.0 = Ad-Hoc|iPhone
		{25BB4BA3-D01C-4DB3-BE6E-E1D0B9FFBE4A}.Ad-Hoc|iPhoneSimulator.ActiveCfg = Ad-Hoc|iPhoneSimulator
		{25BB4BA3-D01C-4DB3-BE6E-E1D0B9FFBE4A}.Ad-Hoc|iPhoneSimulator.Build.0 = Ad-Hoc|iPhoneSimulator
		{25BB4BA3-D01C-4DB3-BE6E-E1D0B9FFBE4A}.AppStore|Any CPU.ActiveCfg = AppStore|iPhoneSimulator
		{25BB4BA3-D01C-4DB3-BE6E-E1D0B9FFBE4A}.AppStore|iPhone.ActiveCfg = AppStore|iPhone
		{25BB4BA3-D01C-4DB3-BE6E-E1D0B9FFBE4A}.AppStore|iPhone.Build.0 = AppStore|iPhone
		{25BB4BA3-D01C-4DB3-BE6E-E1D0B9FFBE4A}.AppStore|iPhoneSimulator.ActiveCfg = AppStore|iPhoneSimulator
		{25BB4BA3-D01C-4DB3-BE6E-E1D0B9FFBE4A}.AppStore|iPhoneSimulator.Build.0 = AppStore|iPhoneSimulator
		{25BB4BA3-D01C-4DB3-BE6E-E1D0B9FFBE4A}.Debug|Any CPU.ActiveCfg = Debug|iPhoneSimulator
		{25BB4BA3-D01C-4DB3-BE6E-E1D0B9FFBE4A}.Debug|iPhone.ActiveCfg = Debug|iPhone
		{25BB4BA3-D01C-4DB3-BE6E-E1D0B9FFBE4A}.Debug|iPhone.Build.0 = Debug|iPhone
		{25BB4BA3-D01C-4DB3-BE6E-E1D0B9FFBE4A}.Debug|iPhoneSimulator.ActiveCfg = Debug|iPhoneSimulator
		{25BB4BA3-D01C-4DB3-BE6E-E1D0B9FFBE4A}.Debug|iPhoneSimulator.Build.0 = Debug|iPhoneSimulator
		{25BB4BA3-D01C-4DB3-BE6E-E1D0B9FFBE4A}.Release|Any CPU.ActiveCfg = Release|iPhoneSimulator
		{25BB4BA3-D01C-4DB3-BE6E-E1D0B9FFBE4A}.Release|iPhone.ActiveCfg = Release|iPhone
		{25BB4BA3-D01C-4DB3-BE6E-E1D0B9FFBE4A}.Release|iPhone.Build.0 = Release|iPhone
		{25BB4BA3-D01C-4DB3-BE6E-E1D0B9FFBE4A}.Release|iPhoneSimulator.ActiveCfg = Release|iPhoneSimulator
		{25BB4BA3-D01C-4DB3-BE6E-E1D0B9FFBE4A}.Release|iPhoneSimulator.Build.0 = Release|iPhoneSimulator
		{4D6B3F9E-D976-4C97-9D9F-97A889FAD4A2}.Ad-Hoc|Any CPU.ActiveCfg = Release|Any CPU
		{4D6B3F9E-D976-4C97-9D9F-97A889FAD4A2}.Ad-Hoc|Any CPU.Build.0 = Release|Any CPU
		{4D6B3F9E-D976-4C97-9D9F-97A889FAD4A2}.Ad-Hoc|iPhone.ActiveCfg = Release|Any CPU
		{4D6B3F9E-D976-4C97-9D9F-97A889FAD4A2}.Ad-Hoc|iPhone.Build.0 = Release|Any CPU
		{4D6B3F9E-D976-4C97-9D9F-97A889FAD4A2}.Ad-Hoc|iPhoneSimulator.ActiveCfg = Release|Any CPU
		{4D6B3F9E-D976-4C97-9D9F-97A889FAD4A2}.Ad-Hoc|iPhoneSimulator.Build.0 = Release|Any CPU
		{4D6B3F9E-D976-4C97-9D9F-97A889FAD4A2}.AppStore|Any CPU.ActiveCfg = Release|Any CPU
		{4D6B3F9E-D976-4C97-9D9F-97A889FAD4A2}.AppStore|Any CPU.Build.0 = Release|Any CPU
		{4D6B3F9E-D976-4C97-9D9F-97A889FAD4A2}.AppStore|iPhone.ActiveCfg = Release|Any CPU
		{4D6B3F9E-D976-4C97-9D9F-97A889FAD4A2}.AppStore|iPhone.Build.0 = Release|Any CPU
		{4D6B3F9E-D976-4C97-9D9F-97A889FAD4A2}.AppStore|iPhoneSimulator.ActiveCfg = Release|Any CPU
		{4D6B3F9E-D976-4C97-9D9F-97A889FAD4A2}.AppStore|iPhoneSimulator.Build.0 = Release|Any CPU
		{4D6B3F9E-D976-4C97-9D9F-97A889FAD4A2}.Debug|Any CPU.ActiveCfg = Debug|Any CPU
		{4D6B3F9E-D976-4C97-9D9F-97A889FAD4A2}.Debug|Any CPU.Build.0 = Debug|Any CPU
		{4D6B3F9E-D976-4C97-9D9F-97A889FAD4A2}.Debug|iPhone.ActiveCfg = Debug|Any CPU
		{4D6B3F9E-D976-4C97-9D9F-97A889FAD4A2}.Debug|iPhone.Build.0 = Debug|Any CPU
		{4D6B3F9E-D976-4C97-9D9F-97A889FAD4A2}.Debug|iPhoneSimulator.ActiveCfg = Debug|Any CPU
		{4D6B3F9E-D976-4C97-9D9F-97A889FAD4A2}.Debug|iPhoneSimulator.Build.0 = Debug|Any CPU
		{4D6B3F9E-D976-4C97-9D9F-97A889FAD4A2}.Release|Any CPU.ActiveCfg = Release|Any CPU
		{4D6B3F9E-D976-4C97-9D9F-97A889FAD4A2}.Release|Any CPU.Build.0 = Release|Any CPU
		{4D6B3F9E-D976-4C97-9D9F-97A889FAD4A2}.Release|iPhone.ActiveCfg = Release|Any CPU
		{4D6B3F9E-D976-4C97-9D9F-97A889FAD4A2}.Release|iPhone.Build.0 = Release|Any CPU
		{4D6B3F9E-D976-4C97-9D9F-97A889FAD4A2}.Release|iPhoneSimulator.ActiveCfg = Release|Any CPU
		{4D6B3F9E-D976-4C97-9D9F-97A889FAD4A2}.Release|iPhoneSimulator.Build.0 = Release|Any CPU
		{D8D8ED2E-2C43-416B-8196-46A0AD9788FD}.Ad-Hoc|Any CPU.ActiveCfg = Release|Any CPU
		{D8D8ED2E-2C43-416B-8196-46A0AD9788FD}.Ad-Hoc|Any CPU.Build.0 = Release|Any CPU
		{D8D8ED2E-2C43-416B-8196-46A0AD9788FD}.Ad-Hoc|iPhone.ActiveCfg = Release|Any CPU
		{D8D8ED2E-2C43-416B-8196-46A0AD9788FD}.Ad-Hoc|iPhone.Build.0 = Release|Any CPU
		{D8D8ED2E-2C43-416B-8196-46A0AD9788FD}.Ad-Hoc|iPhoneSimulator.ActiveCfg = Release|Any CPU
		{D8D8ED2E-2C43-416B-8196-46A0AD9788FD}.Ad-Hoc|iPhoneSimulator.Build.0 = Release|Any CPU
		{D8D8ED2E-2C43-416B-8196-46A0AD9788FD}.AppStore|Any CPU.ActiveCfg = Release|Any CPU
		{D8D8ED2E-2C43-416B-8196-46A0AD9788FD}.AppStore|Any CPU.Build.0 = Release|Any CPU
		{D8D8ED2E-2C43-416B-8196-46A0AD9788FD}.AppStore|iPhone.ActiveCfg = Release|Any CPU
		{D8D8ED2E-2C43-416B-8196-46A0AD9788FD}.AppStore|iPhone.Build.0 = Release|Any CPU
		{D8D8ED2E-2C43-416B-8196-46A0AD9788FD}.AppStore|iPhoneSimulator.ActiveCfg = Release|Any CPU
		{D8D8ED2E-2C43-416B-8196-46A0AD9788FD}.AppStore|iPhoneSimulator.Build.0 = Release|Any CPU
		{D8D8ED2E-2C43-416B-8196-46A0AD9788FD}.Debug|Any CPU.ActiveCfg = Debug|Any CPU
		{D8D8ED2E-2C43-416B-8196-46A0AD9788FD}.Debug|Any CPU.Build.0 = Debug|Any CPU
		{D8D8ED2E-2C43-416B-8196-46A0AD9788FD}.Debug|iPhone.ActiveCfg = Debug|Any CPU
		{D8D8ED2E-2C43-416B-8196-46A0AD9788FD}.Debug|iPhone.Build.0 = Debug|Any CPU
		{D8D8ED2E-2C43-416B-8196-46A0AD9788FD}.Debug|iPhoneSimulator.ActiveCfg = Debug|Any CPU
		{D8D8ED2E-2C43-416B-8196-46A0AD9788FD}.Debug|iPhoneSimulator.Build.0 = Debug|Any CPU
		{D8D8ED2E-2C43-416B-8196-46A0AD9788FD}.Release|Any CPU.ActiveCfg = Release|Any CPU
		{D8D8ED2E-2C43-416B-8196-46A0AD9788FD}.Release|Any CPU.Build.0 = Release|Any CPU
		{D8D8ED2E-2C43-416B-8196-46A0AD9788FD}.Release|iPhone.ActiveCfg = Release|Any CPU
		{D8D8ED2E-2C43-416B-8196-46A0AD9788FD}.Release|iPhone.Build.0 = Release|Any CPU
		{D8D8ED2E-2C43-416B-8196-46A0AD9788FD}.Release|iPhoneSimulator.ActiveCfg = Release|Any CPU
		{D8D8ED2E-2C43-416B-8196-46A0AD9788FD}.Release|iPhoneSimulator.Build.0 = Release|Any CPU
		{E801EBD8-2536-4C43-99EE-FB0160BC7ABD}.Ad-Hoc|Any CPU.ActiveCfg = Release|Any CPU
		{E801EBD8-2536-4C43-99EE-FB0160BC7ABD}.Ad-Hoc|Any CPU.Build.0 = Release|Any CPU
		{E801EBD8-2536-4C43-99EE-FB0160BC7ABD}.Ad-Hoc|iPhone.ActiveCfg = Release|Any CPU
		{E801EBD8-2536-4C43-99EE-FB0160BC7ABD}.Ad-Hoc|iPhone.Build.0 = Release|Any CPU
		{E801EBD8-2536-4C43-99EE-FB0160BC7ABD}.Ad-Hoc|iPhoneSimulator.ActiveCfg = Release|Any CPU
		{E801EBD8-2536-4C43-99EE-FB0160BC7ABD}.Ad-Hoc|iPhoneSimulator.Build.0 = Release|Any CPU
		{E801EBD8-2536-4C43-99EE-FB0160BC7ABD}.AppStore|Any CPU.ActiveCfg = Release|Any CPU
		{E801EBD8-2536-4C43-99EE-FB0160BC7ABD}.AppStore|Any CPU.Build.0 = Release|Any CPU
		{E801EBD8-2536-4C43-99EE-FB0160BC7ABD}.AppStore|iPhone.ActiveCfg = Release|Any CPU
		{E801EBD8-2536-4C43-99EE-FB0160BC7ABD}.AppStore|iPhone.Build.0 = Release|Any CPU
		{E801EBD8-2536-4C43-99EE-FB0160BC7ABD}.AppStore|iPhoneSimulator.ActiveCfg = Release|Any CPU
		{E801EBD8-2536-4C43-99EE-FB0160BC7ABD}.AppStore|iPhoneSimulator.Build.0 = Release|Any CPU
		{E801EBD8-2536-4C43-99EE-FB0160BC7ABD}.Debug|Any CPU.ActiveCfg = Debug|Any CPU
		{E801EBD8-2536-4C43-99EE-FB0160BC7ABD}.Debug|Any CPU.Build.0 = Debug|Any CPU
		{E801EBD8-2536-4C43-99EE-FB0160BC7ABD}.Debug|iPhone.ActiveCfg = Debug|Any CPU
		{E801EBD8-2536-4C43-99EE-FB0160BC7ABD}.Debug|iPhone.Build.0 = Debug|Any CPU
		{E801EBD8-2536-4C43-99EE-FB0160BC7ABD}.Debug|iPhoneSimulator.ActiveCfg = Debug|Any CPU
		{E801EBD8-2536-4C43-99EE-FB0160BC7ABD}.Debug|iPhoneSimulator.Build.0 = Debug|Any CPU
		{E801EBD8-2536-4C43-99EE-FB0160BC7ABD}.Release|Any CPU.ActiveCfg = Release|Any CPU
		{E801EBD8-2536-4C43-99EE-FB0160BC7ABD}.Release|Any CPU.Build.0 = Release|Any CPU
		{E801EBD8-2536-4C43-99EE-FB0160BC7ABD}.Release|iPhone.ActiveCfg = Release|Any CPU
		{E801EBD8-2536-4C43-99EE-FB0160BC7ABD}.Release|iPhone.Build.0 = Release|Any CPU
		{E801EBD8-2536-4C43-99EE-FB0160BC7ABD}.Release|iPhoneSimulator.ActiveCfg = Release|Any CPU
		{E801EBD8-2536-4C43-99EE-FB0160BC7ABD}.Release|iPhoneSimulator.Build.0 = Release|Any CPU
	EndGlobalSection
	GlobalSection(SolutionProperties) = preSolution
		HideSolutionNode = FALSE
	EndGlobalSection
EndGlobal
